
Microsoft Visual Studio Solution File, Format Version 12.00
Project("{FAE04EC0-301F-11D3-BF4B-00C04F79EFBC}") = "DCLPulse", "DCLPulse.csproj", "{65D4C933-ED84-4D54-96DB-C47511B1F87B}"
EndProject
Project("{FAE04EC0-301F-11D3-BF4B-00C04F79EFBC}") = "Protocol", "..\Protocol\Protocol.csproj", "{ABB41067-BFA3-4731-A9BF-E0002AC0E165}"
EndProject
Project("{FAE04EC0-301F-11D3-BF4B-00C04F79EFBC}") = "DCLAuth", "..\DCLAuth\DCLAuth.csproj", "{DD012027-6447-4371-9025-C6FC717D8582}"
EndProject
Project("{FAE04EC0-301F-11D3-BF4B-00C04F79EFBC}") = "DCLPulseTests", "..\DCLPulseTests\DCLPulseTests.csproj", "{6C249E00-C683-427A-8DAD-8EE23EC93CD0}"
EndProject
Project("{FAE04EC0-301F-11D3-BF4B-00C04F79EFBC}") = "DCLPulseBenchmarks", "..\DCLPulseBenchmarks\DCLPulseBenchmarks.csproj", "{A94265FD-7ED8-40EF-A346-1E4138593ED1}"
EndProject
Project("{FAE04EC0-301F-11D3-BF4B-00C04F79EFBC}") = "DCLPulseTestClient", "..\DCLPulseTestClient\DCLPulseTestClient.csproj", "{1F929D98-8572-4D35-BBE0-C7C2A9BF73CD}"
EndProject
Project("{FAE04EC0-301F-11D3-BF4B-00C04F79EFBC}") = "DCLPulse.Transport.Shared", "..\DCLPulse.Transport.Shared\DCLPulse.Transport.Shared.csproj", "{65D98796-D60E-4E4A-A880-D090509293CD}"
EndProject
Project("{FAE04EC0-301F-11D3-BF4B-00C04F79EFBC}") = "RustEthereum", "..\RustEthereum\RustEthereum.csproj", "{A15D4AD9-459F-4D34-B77C-9B1E08E3DF89}"
EndProject
Global
	GlobalSection(SolutionConfigurationPlatforms) = preSolution
		Debug|Any CPU = Debug|Any CPU
		Debug|x64 = Debug|x64
		Debug|x86 = Debug|x86
		Release|Any CPU = Release|Any CPU
		Release|x64 = Release|x64
		Release|x86 = Release|x86
	EndGlobalSection
	GlobalSection(ProjectConfigurationPlatforms) = postSolution
		{65D4C933-ED84-4D54-96DB-C47511B1F87B}.Debug|Any CPU.ActiveCfg = Debug|Any CPU
		{65D4C933-ED84-4D54-96DB-C47511B1F87B}.Debug|Any CPU.Build.0 = Debug|Any CPU
		{65D4C933-ED84-4D54-96DB-C47511B1F87B}.Debug|x64.ActiveCfg = Debug|Any CPU
		{65D4C933-ED84-4D54-96DB-C47511B1F87B}.Debug|x64.Build.0 = Debug|Any CPU
		{65D4C933-ED84-4D54-96DB-C47511B1F87B}.Debug|x86.ActiveCfg = Debug|Any CPU
		{65D4C933-ED84-4D54-96DB-C47511B1F87B}.Debug|x86.Build.0 = Debug|Any CPU
		{65D4C933-ED84-4D54-96DB-C47511B1F87B}.Release|Any CPU.ActiveCfg = Release|Any CPU
		{65D4C933-ED84-4D54-96DB-C47511B1F87B}.Release|Any CPU.Build.0 = Release|Any CPU
		{65D4C933-ED84-4D54-96DB-C47511B1F87B}.Release|x64.ActiveCfg = Release|Any CPU
		{65D4C933-ED84-4D54-96DB-C47511B1F87B}.Release|x64.Build.0 = Release|Any CPU
		{65D4C933-ED84-4D54-96DB-C47511B1F87B}.Release|x86.ActiveCfg = Release|Any CPU
		{65D4C933-ED84-4D54-96DB-C47511B1F87B}.Release|x86.Build.0 = Release|Any CPU
		{ABB41067-BFA3-4731-A9BF-E0002AC0E165}.Debug|Any CPU.ActiveCfg = Debug|Any CPU
		{ABB41067-BFA3-4731-A9BF-E0002AC0E165}.Debug|Any CPU.Build.0 = Debug|Any CPU
		{ABB41067-BFA3-4731-A9BF-E0002AC0E165}.Debug|x64.ActiveCfg = Debug|Any CPU
		{ABB41067-BFA3-4731-A9BF-E0002AC0E165}.Debug|x64.Build.0 = Debug|Any CPU
		{ABB41067-BFA3-4731-A9BF-E0002AC0E165}.Debug|x86.ActiveCfg = Debug|Any CPU
		{ABB41067-BFA3-4731-A9BF-E0002AC0E165}.Debug|x86.Build.0 = Debug|Any CPU
		{ABB41067-BFA3-4731-A9BF-E0002AC0E165}.Release|Any CPU.ActiveCfg = Release|Any CPU
		{ABB41067-BFA3-4731-A9BF-E0002AC0E165}.Release|Any CPU.Build.0 = Release|Any CPU
		{ABB41067-BFA3-4731-A9BF-E0002AC0E165}.Release|x64.ActiveCfg = Release|Any CPU
		{ABB41067-BFA3-4731-A9BF-E0002AC0E165}.Release|x64.Build.0 = Release|Any CPU
		{ABB41067-BFA3-4731-A9BF-E0002AC0E165}.Release|x86.ActiveCfg = Release|Any CPU
		{ABB41067-BFA3-4731-A9BF-E0002AC0E165}.Release|x86.Build.0 = Release|Any CPU
		{DD012027-6447-4371-9025-C6FC717D8582}.Debug|Any CPU.ActiveCfg = Debug|Any CPU
		{DD012027-6447-4371-9025-C6FC717D8582}.Debug|Any CPU.Build.0 = Debug|Any CPU
		{DD012027-6447-4371-9025-C6FC717D8582}.Debug|x64.ActiveCfg = Debug|Any CPU
		{DD012027-6447-4371-9025-C6FC717D8582}.Debug|x64.Build.0 = Debug|Any CPU
		{DD012027-6447-4371-9025-C6FC717D8582}.Debug|x86.ActiveCfg = Debug|Any CPU
		{DD012027-6447-4371-9025-C6FC717D8582}.Debug|x86.Build.0 = Debug|Any CPU
		{DD012027-6447-4371-9025-C6FC717D8582}.Release|Any CPU.ActiveCfg = Release|Any CPU
		{DD012027-6447-4371-9025-C6FC717D8582}.Release|Any CPU.Build.0 = Release|Any CPU
		{DD012027-6447-4371-9025-C6FC717D8582}.Release|x64.ActiveCfg = Release|Any CPU
		{DD012027-6447-4371-9025-C6FC717D8582}.Release|x64.Build.0 = Release|Any CPU
		{DD012027-6447-4371-9025-C6FC717D8582}.Release|x86.ActiveCfg = Release|Any CPU
		{DD012027-6447-4371-9025-C6FC717D8582}.Release|x86.Build.0 = Release|Any CPU
		{6C249E00-C683-427A-8DAD-8EE23EC93CD0}.Debug|Any CPU.ActiveCfg = Debug|Any CPU
		{6C249E00-C683-427A-8DAD-8EE23EC93CD0}.Debug|Any CPU.Build.0 = Debug|Any CPU
		{6C249E00-C683-427A-8DAD-8EE23EC93CD0}.Debug|x64.ActiveCfg = Debug|Any CPU
		{6C249E00-C683-427A-8DAD-8EE23EC93CD0}.Debug|x64.Build.0 = Debug|Any CPU
		{6C249E00-C683-427A-8DAD-8EE23EC93CD0}.Debug|x86.ActiveCfg = Debug|Any CPU
		{6C249E00-C683-427A-8DAD-8EE23EC93CD0}.Debug|x86.Build.0 = Debug|Any CPU
		{6C249E00-C683-427A-8DAD-8EE23EC93CD0}.Release|Any CPU.ActiveCfg = Release|Any CPU
		{6C249E00-C683-427A-8DAD-8EE23EC93CD0}.Release|Any CPU.Build.0 = Release|Any CPU
		{6C249E00-C683-427A-8DAD-8EE23EC93CD0}.Release|x64.ActiveCfg = Release|Any CPU
		{6C249E00-C683-427A-8DAD-8EE23EC93CD0}.Release|x64.Build.0 = Release|Any CPU
		{6C249E00-C683-427A-8DAD-8EE23EC93CD0}.Release|x86.ActiveCfg = Release|Any CPU
		{6C249E00-C683-427A-8DAD-8EE23EC93CD0}.Release|x86.Build.0 = Release|Any CPU
		{A94265FD-7ED8-40EF-A346-1E4138593ED1}.Debug|Any CPU.ActiveCfg = Debug|Any CPU
		{A94265FD-7ED8-40EF-A346-1E4138593ED1}.Debug|Any CPU.Build.0 = Debug|Any CPU
		{A94265FD-7ED8-40EF-A346-1E4138593ED1}.Debug|x64.ActiveCfg = Debug|Any CPU
		{A94265FD-7ED8-40EF-A346-1E4138593ED1}.Debug|x64.Build.0 = Debug|Any CPU
		{A94265FD-7ED8-40EF-A346-1E4138593ED1}.Debug|x86.ActiveCfg = Debug|Any CPU
		{A94265FD-7ED8-40EF-A346-1E4138593ED1}.Debug|x86.Build.0 = Debug|Any CPU
		{A94265FD-7ED8-40EF-A346-1E4138593ED1}.Release|Any CPU.ActiveCfg = Release|Any CPU
		{A94265FD-7ED8-40EF-A346-1E4138593ED1}.Release|Any CPU.Build.0 = Release|Any CPU
		{A94265FD-7ED8-40EF-A346-1E4138593ED1}.Release|x64.ActiveCfg = Release|Any CPU
		{A94265FD-7ED8-40EF-A346-1E4138593ED1}.Release|x64.Build.0 = Release|Any CPU
		{A94265FD-7ED8-40EF-A346-1E4138593ED1}.Release|x86.ActiveCfg = Release|Any CPU
		{A94265FD-7ED8-40EF-A346-1E4138593ED1}.Release|x86.Build.0 = Release|Any CPU
		{1F929D98-8572-4D35-BBE0-C7C2A9BF73CD}.Debug|Any CPU.ActiveCfg = Debug|Any CPU
		{1F929D98-8572-4D35-BBE0-C7C2A9BF73CD}.Debug|Any CPU.Build.0 = Debug|Any CPU
		{1F929D98-8572-4D35-BBE0-C7C2A9BF73CD}.Debug|x64.ActiveCfg = Debug|Any CPU
		{1F929D98-8572-4D35-BBE0-C7C2A9BF73CD}.Debug|x64.Build.0 = Debug|Any CPU
		{1F929D98-8572-4D35-BBE0-C7C2A9BF73CD}.Debug|x86.ActiveCfg = Debug|Any CPU
		{1F929D98-8572-4D35-BBE0-C7C2A9BF73CD}.Debug|x86.Build.0 = Debug|Any CPU
		{1F929D98-8572-4D35-BBE0-C7C2A9BF73CD}.Release|Any CPU.ActiveCfg = Release|Any CPU
		{1F929D98-8572-4D35-BBE0-C7C2A9BF73CD}.Release|Any CPU.Build.0 = Release|Any CPU
		{1F929D98-8572-4D35-BBE0-C7C2A9BF73CD}.Release|x64.ActiveCfg = Release|Any CPU
		{1F929D98-8572-4D35-BBE0-C7C2A9BF73CD}.Release|x64.Build.0 = Release|Any CPU
		{1F929D98-8572-4D35-BBE0-C7C2A9BF73CD}.Release|x86.ActiveCfg = Release|Any CPU
		{1F929D98-8572-4D35-BBE0-C7C2A9BF73CD}.Release|x86.Build.0 = Release|Any CPU
		{65D98796-D60E-4E4A-A880-D090509293CD}.Debug|Any CPU.ActiveCfg = Debug|Any CPU
		{65D98796-D60E-4E4A-A880-D090509293CD}.Debug|Any CPU.Build.0 = Debug|Any CPU
		{65D98796-D60E-4E4A-A880-D090509293CD}.Debug|x64.ActiveCfg = Debug|Any CPU
		{65D98796-D60E-4E4A-A880-D090509293CD}.Debug|x64.Build.0 = Debug|Any CPU
		{65D98796-D60E-4E4A-A880-D090509293CD}.Debug|x86.ActiveCfg = Debug|Any CPU
		{65D98796-D60E-4E4A-A880-D090509293CD}.Debug|x86.Build.0 = Debug|Any CPU
		{65D98796-D60E-4E4A-A880-D090509293CD}.Release|Any CPU.ActiveCfg = Release|Any CPU
		{65D98796-D60E-4E4A-A880-D090509293CD}.Release|Any CPU.Build.0 = Release|Any CPU
		{65D98796-D60E-4E4A-A880-D090509293CD}.Release|x64.ActiveCfg = Release|Any CPU
		{65D98796-D60E-4E4A-A880-D090509293CD}.Release|x64.Build.0 = Release|Any CPU
		{65D98796-D60E-4E4A-A880-D090509293CD}.Release|x86.ActiveCfg = Release|Any CPU
		{65D98796-D60E-4E4A-A880-D090509293CD}.Release|x86.Build.0 = Release|Any CPU
		{A15D4AD9-459F-4D34-B77C-9B1E08E3DF89}.Debug|Any CPU.ActiveCfg = Debug|Any CPU
		{A15D4AD9-459F-4D34-B77C-9B1E08E3DF89}.Debug|Any CPU.Build.0 = Debug|Any CPU
		{A15D4AD9-459F-4D34-B77C-9B1E08E3DF89}.Debug|x64.ActiveCfg = Debug|Any CPU
		{A15D4AD9-459F-4D34-B77C-9B1E08E3DF89}.Debug|x64.Build.0 = Debug|Any CPU
		{A15D4AD9-459F-4D34-B77C-9B1E08E3DF89}.Debug|x86.ActiveCfg = Debug|Any CPU
		{A15D4AD9-459F-4D34-B77C-9B1E08E3DF89}.Debug|x86.Build.0 = Debug|Any CPU
		{A15D4AD9-459F-4D34-B77C-9B1E08E3DF89}.Release|Any CPU.ActiveCfg = Release|Any CPU
		{A15D4AD9-459F-4D34-B77C-9B1E08E3DF89}.Release|Any CPU.Build.0 = Release|Any CPU
		{A15D4AD9-459F-4D34-B77C-9B1E08E3DF89}.Release|x64.ActiveCfg = Release|Any CPU
		{A15D4AD9-459F-4D34-B77C-9B1E08E3DF89}.Release|x64.Build.0 = Release|Any CPU
		{A15D4AD9-459F-4D34-B77C-9B1E08E3DF89}.Release|x86.ActiveCfg = Release|Any CPU
		{A15D4AD9-459F-4D34-B77C-9B1E08E3DF89}.Release|x86.Build.0 = Release|Any CPU
	EndGlobalSection
	GlobalSection(SolutionProperties) = preSolution
		HideSolutionNode = FALSE
	EndGlobalSection
EndGlobal
